
Microsoft Visual Studio Solution File, Format Version 12.00
# Visual Studio Version 16
VisualStudioVersion = 16.0.29519.181
MinimumVisualStudioVersion = 10.0.40219.1
Project("{8BC9CEB8-8B4A-11D0-8D11-00A0C91BC942}") = "P17", "P17\P17.vcxproj", "{AB1BAA0C-4AB7-4411-9BD3-A23CA1A7BDEC}"
EndProject
Global
	GlobalSection(SolutionConfigurationPlatforms) = preSolution
		Debug|x64 = Debug|x64
		Debug|x86 = Debug|x86
		Release|x64 = Release|x64
		Release|x86 = Release|x86
	EndGlobalSection
	GlobalSection(ProjectConfigurationPlatforms) = postSolution
		{AB1BAA0C-4AB7-4411-9BD3-A23CA1A7BDEC}.Debug|x64.ActiveCfg = Debug|x64
		{AB1BAA0C-4AB7-4411-9BD3-A23CA1A7BDEC}.Debug|x64.Build.0 = Debug|x64
		{AB1BAA0C-4AB7-4411-9BD3-A23CA1A7BDEC}.Debug|x86.ActiveCfg = Debug|Win32
		{AB1BAA0C-4AB7-4411-9BD3-A23CA1A7BDEC}.Debug|x86.Build.0 = Debug|Win32
		{AB1BAA0C-4AB7-4411-9BD3-A23CA1A7BDEC}.Release|x64.ActiveCfg = Release|x64
		{AB1BAA0C-4AB7-4411-9BD3-A23CA1A7BDEC}.Release|x64.Build.0 = Release|x64
		{AB1BAA0C-4AB7-4411-9BD3-A23CA1A7BDEC}.Release|x86.ActiveCfg = Release|Win32
		{AB1BAA0C-4AB7-4411-9BD3-A23CA1A7BDEC}.Release|x86.Build.0 = Release|Win32
	EndGlobalSection
	GlobalSection(SolutionProperties) = preSolution
		HideSolutionNode = FALSE
	EndGlobalSection
	GlobalSection(ExtensibilityGlobals) = postSolution
		SolutionGuid = {358BCF0C-30D5-4B5C-AA31-0280827E8395}
	EndGlobalSection
EndGlobal
